lockfileVersion: '9.0'

settings:
  autoInstallPeers: true
  excludeLinksFromLockfile: false

importers:

  .:
    devDependencies:
      '@bufbuild/buf':
        specifier: 1.45.0
        version: 1.45.0
      '@bufbuild/protobuf':
        specifier: 2.2.0
        version: 2.2.0
      '@bufbuild/protoc-gen-es':
        specifier: 2.2.0
        version: 2.2.0(@bufbuild/protobuf@2.2.0)
      typescript:
        specifier: 5.6.3
        version: 5.6.3

packages:

  '@bufbuild/buf-darwin-arm64@1.45.0':
    resolution: {integrity: sha512-yl0+fSnEAtGPUjvyC9a5UmzSc0izqeiL8il2ml1LmX3YbmOAQZ1Wn0TceCtDVFCuO/jtiZBj8/zYm3VAovwQqQ==}
    engines: {node: '>=12'}
    cpu: [arm64]
    os: [darwin]

  '@bufbuild/buf-darwin-x64@1.45.0':
    resolution: {integrity: sha512-T4yNFZrOhxRkpSn8RgW2S6JPcmD58JYb7OqU+BNVpqK3zy3Zm2C3gIyIpVB5GWkyohhyZANLj3M4Xet9HW4cqA==}
    engines: {node: '>=12'}
    cpu: [x64]
    os: [darwin]

  '@bufbuild/buf-linux-aarch64@1.45.0':
    resolution: {integrity: sha512-n3PkFXp6MiHmxMBMq60t38Ca7hyk0Yo1Un3Xg4PxljSrDNHZSoxT8+NY3eOI+jHnAwKebrAT72XAh/vkeKrC5g==}
    engines: {node: '>=12'}
    cpu: [arm64]
    os: [linux]

  '@bufbuild/buf-linux-x64@1.45.0':
    resolution: {integrity: sha512-Bm5Zgv4CgJ8rursPLejhvfELMxtuFxMLR1ZXY2G6T7jLi5mxa/4CWmqEmQ67zyOoEXw7FvND2yBivGO+464wtw==}
    engines: {node: '>=12'}
    cpu: [x64]
    os: [linux]

  '@bufbuild/buf-win32-arm64@1.45.0':
    resolution: {integrity: sha512-tuW+vaYaCQpl9y3dk4uuVSAyqs7opydejxJmqoQdt4AOswvKORasVkD5s9two+eScU165kSzkI2BN3Hd6r+P0g==}
    engines: {node: '>=12'}
    cpu: [arm64]
    os: [win32]

  '@bufbuild/buf-win32-x64@1.45.0':
    resolution: {integrity: sha512-ifTHY7pKrKd+8ogMksHmvVYJrHLm/OveyLXsMT1ts00nb1pPJzuCDKrEhg5T7k0oJhGBhpejlpizZ3It0pLmsg==}
    engines: {node: '>=12'}
    cpu: [x64]
    os: [win32]

  '@bufbuild/buf@1.45.0':
    resolution: {integrity: sha512-6VgwZDwBXWWrA8e8B0efKs3px6rbJRZVBpFt7wBAHU+SgcXONF2rVNA60S8F6/ixaW1EHkUhkIeVyCHs+wV1Bw==}
    engines: {node: '>=12'}
    hasBin: true

  '@bufbuild/protobuf@2.2.0':
    resolution: {integrity: sha512-+imAQkHf7U/Rwvu0wk1XWgsP3WnpCWmK7B48f0XqSNzgk64+grljTKC7pnO/xBiEMUziF7vKRfbBnOQhg126qQ==}

  '@bufbuild/protoc-gen-es@2.2.0':
    resolution: {integrity: sha512-PmUTtbJJfgcabTsoF59W0bsAr7xO5aGcMe69G8vOq0ogYV1aWmvFKhHKHDtn295pOLhTXmfrDSUNi/OTHuDdpw==}
    engines: {node: '>=14'}
    hasBin: true
    peerDependencies:
      '@bufbuild/protobuf': 2.2.0
    peerDependenciesMeta:
      '@bufbuild/protobuf':
        optional: true

  '@bufbuild/protoplugin@2.2.0':
    resolution: {integrity: sha512-ijsCHuhtXbfTiffoBRve2uCPR7gy6cwJsMe8z5bYQtczGiZVVfiyAze55gk1J/1ruqkr40oZ9BwKAGOzz69f0g==}

  '@typescript/vfs@1.6.4':
    resolution: {integrity: sha512-PJFXFS4ZJKiJ9Qiuix6Dz/OwEIqHD7Dme1UwZhTK11vR+5dqW2ACbdndWQexBzCx+CPuMe5WBYQWCsFyGlQLlQ==}
    peerDependencies:
      typescript: '*'

  debug@4.4.3:
    resolution: {integrity: sha512-RGwwWnwQvkVfavKVt22FGLw+xYSdzARwm0ru6DhTVA3umU5hZc28V3kO4stgYryrTlLpuvgI9GiijltAjNbcqA==}
    engines: {node: '>=6.0'}
    peerDependencies:
      supports-color: '*'
    peerDependenciesMeta:
      supports-color:
        optional: true

  ms@2.1.3:
    resolution: {integrity: sha512-6FlzubTLZG3J2a/NVCAleEhjzq5oxgHyaCU9yYXvcLsvoVaHJq/s5xXI6/XXP6tz7R9xAOtHnSO/tXtF3WRTlA==}

  typescript@5.4.5:
    resolution: {integrity: sha512-vcI4UpRgg81oIRUFwR0WSIHKt11nJ7SAVlYNIu+QpqeyXP+gpQJy/Z4+F0aGxSE4MqwjyXvW/TzgkLAx2AGHwQ==}
    engines: {node: '>=14.17'}
    hasBin: true

  typescript@5.6.3:
    resolution: {integrity: sha512-hjcS1mhfuyi4WW8IWtjP7brDrG2cuDZukyrYrSauoXGNgx0S7zceP07adYkJycEr56BOUTNPzbInooiN3fn1qw==}
    engines: {node: '>=14.17'}
    hasBin: true

snapshots:

  '@bufbuild/buf-darwin-arm64@1.45.0':
    optional: true

  '@bufbuild/buf-darwin-x64@1.45.0':
    optional: true

  '@bufbuild/buf-linux-aarch64@1.45.0':
    optional: true

  '@bufbuild/buf-linux-x64@1.45.0':
    optional: true

  '@bufbuild/buf-win32-arm64@1.45.0':
    optional: true

  '@bufbuild/buf-win32-x64@1.45.0':
    optional: true

  '@bufbuild/buf@1.45.0':
    optionalDependencies:
      '@bufbuild/buf-darwin-arm64': 1.45.0
      '@bufbuild/buf-darwin-x64': 1.45.0
      '@bufbuild/buf-linux-aarch64': 1.45.0
      '@bufbuild/buf-linux-x64': 1.45.0
      '@bufbuild/buf-win32-arm64': 1.45.0
      '@bufbuild/buf-win32-x64': 1.45.0

  '@bufbuild/protobuf@2.2.0': {}

  '@bufbuild/protoc-gen-es@2.2.0(@bufbuild/protobuf@2.2.0)':
    dependencies:
      '@bufbuild/protoplugin': 2.2.0
    optionalDependencies:
      '@bufbuild/protobuf': 2.2.0
    transitivePeerDependencies:
      - supports-color

  '@bufbuild/protoplugin@2.2.0':
    dependencies:
      '@bufbuild/protobuf': 2.2.0
      '@typescript/vfs': 1.6.4(typescript@5.4.5)
      typescript: 5.4.5
    transitivePeerDependencies:
      - supports-color

  '@typescript/vfs@1.6.4(typescript@5.4.5)':
    dependencies:
      debug: 4.4.3
      typescript: 5.4.5
    transitivePeerDependencies:
      - supports-color

  debug@4.4.3:
    dependencies:
      ms: 2.1.3

  ms@2.1.3: {}

  typescript@5.4.5: {}

  typescript@5.6.3: {}
